
Microsoft Visual Studio Solution File, Format Version 12.00
# Visual Studio Version 17
VisualStudioVersion = 17.5.33516.290
MinimumVisualStudioVersion = 10.0.40219.1
Project("{9A19103F-16F7-4668-BE54-9A1E7A4F7556}") = "TaskOne", "TaskOne\TaskOne.csproj", "{EC1D1E2F-5E4D-475A-9251-C6AAEEEB0F96}"
EndProject
Project("{9A19103F-16F7-4668-BE54-9A1E7A4F7556}") = "TaskOne.Domain", "TaskOne.Domain\TaskOne.Domain.csproj", "{6402C61E-E981-44AC-92F6-86208593B2D7}"
EndProject
Project("{FAE04EC0-301F-11D3-BF4B-00C04F79EFBC}") = "TaskTwo", "TaskTwo\TaskTwo.csproj", "{4762F982-430F-43C6-8CD8-6E98E7D8D792}"
EndProject
Project("{FAE04EC0-301F-11D3-BF4B-00C04F79EFBC}") = "TaskTwo.Domain", "TaskTwo.Domain\TaskTwo.Domain.csproj", "{5E408CC2-EB11-4E6C-84A0-D9BA4EC6E66D}"
EndProject
Global
	GlobalSection(SolutionConfigurationPlatforms) = preSolution
		Debug|Any CPU = Debug|Any CPU
		Release|Any CPU = Release|Any CPU
	EndGlobalSection
	GlobalSection(ProjectConfigurationPlatforms) = postSolution
		{EC1D1E2F-5E4D-475A-9251-C6AAEEEB0F96}.Debug|Any CPU.ActiveCfg = Debug|Any CPU
		{EC1D1E2F-5E4D-475A-9251-C6AAEEEB0F96}.Debug|Any CPU.Build.0 = Debug|Any CPU
		{EC1D1E2F-5E4D-475A-9251-C6AAEEEB0F96}.Release|Any CPU.ActiveCfg = Release|Any CPU
		{EC1D1E2F-5E4D-475A-9251-C6AAEEEB0F96}.Release|Any CPU.Build.0 = Release|Any CPU
		{6402C61E-E981-44AC-92F6-86208593B2D7}.Debug|Any CPU.ActiveCfg = Debug|Any CPU
		{6402C61E-E981-44AC-92F6-86208593B2D7}.Debug|Any CPU.Build.0 = Debug|Any CPU
		{6402C61E-E981-44AC-92F6-86208593B2D7}.Release|Any CPU.ActiveCfg = Release|Any CPU
		{6402C61E-E981-44AC-92F6-86208593B2D7}.Release|Any CPU.Build.0 = Release|Any CPU
		{4762F982-430F-43C6-8CD8-6E98E7D8D792}.Debug|Any CPU.ActiveCfg = Debug|Any CPU
		{4762F982-430F-43C6-8CD8-6E98E7D8D792}.Debug|Any CPU.Build.0 = Debug|Any CPU
		{4762F982-430F-43C6-8CD8-6E98E7D8D792}.Release|Any CPU.ActiveCfg = Release|Any CPU
		{4762F982-430F-43C6-8CD8-6E98E7D8D792}.Release|Any CPU.Build.0 = Release|Any CPU
		{5E408CC2-EB11-4E6C-84A0-D9BA4EC6E66D}.Debug|Any CPU.ActiveCfg = Debug|Any CPU
		{5E408CC2-EB11-4E6C-84A0-D9BA4EC6E66D}.Debug|Any CPU.Build.0 = Debug|Any CPU
		{5E408CC2-EB11-4E6C-84A0-D9BA4EC6E66D}.Release|Any CPU.ActiveCfg = Release|Any CPU
		{5E408CC2-EB11-4E6C-84A0-D9BA4EC6E66D}.Release|Any CPU.Build.0 = Release|Any CPU
	EndGlobalSection
	GlobalSection(SolutionProperties) = preSolution
		HideSolutionNode = FALSE
	EndGlobalSection
	GlobalSection(ExtensibilityGlobals) = postSolution
		SolutionGuid = {ADC82CE9-F3AC-4E84-B5F1-48480335C5EC}
	EndGlobalSection
EndGlobal
